{
  "name": "fullstacked-website",
  "version": "1.0.0",
  "lockfileVersion": 3,
  "requires": true,
  "packages": {
    "": {
      "name": "fullstacked-website",
      "version": "1.0.0",
      "dependencies": {
        "@fullstacked/tailwindcss": "^4.3.3",
        "@types/react": "^19.2.14",
        "@types/react-dom": "^19.2.3",
        "fullstacked": "^1.0.0-alpha.1774",
        "react": "^19.2.4",
        "react-dom": "^19.2.4"
      }
    },
    "node_modules/@fullstacked/darwin-arm64": {
      "version": "1.0.0-alpha.1774",
      "resolved": "https://registry.npmjs.org/@fullstacked/darwin-arm64/-/darwin-arm64-1.0.0-alpha.1774.tgz",
      "integrity": "sha512-RINQq6qBtcKHVhv4SwnaZI5yEl6+KDtiLExR0c2YcdjmPCDY+0cimLfjhc9+237z/pBt8T0sNhcR6SMLb1SrGg==",
      "cpu": [
        "arm64"
      ],
      "optional": true,
      "os": [
        "darwin"
      ]
    },
    "node_modules/@fullstacked/darwin-x64": {
      "version": "1.0.0-alpha.1774",
      "resolved": "https://registry.npmjs.org/@fullstacked/darwin-x64/-/darwin-x64-1.0.0-alpha.1774.tgz",
      "integrity": "sha512-peZrOcEUSpr3ytI2tOKikCYS3S4ucrsNFhyP7bCkd4461NT7cmbnupWq7x2HRTruTePoflbzqD3PtcnN/zULJQ==",
      "cpu": [
        "x64"
      ],
      "optional": true,
      "os": [
        "darwin"
      ]
    },
    "node_modules/@fullstacked/linux-arm64": {
      "version": "1.0.0-alpha.1774",
      "resolved": "https://registry.npmjs.org/@fullstacked/linux-arm64/-/linux-arm64-1.0.0-alpha.1774.tgz",
      "integrity": "sha512-TzVsiHUHQ4W0KFRYM1oh2StuZXhZFLSzrI8ra7lSOnXiBg+F8+IjBm1i78rNtrqh5pX2nS9b3z3oRkCw53HKoA==",
      "cpu": [
        "arm64"
      ],
      "optional": true,
      "os": [
        "linux"
      ]
    },
    "node_modules/@fullstacked/linux-x64": {
      "version": "1.0.0-alpha.1774",
      "resolved": "https://registry.npmjs.org/@fullstacked/linux-x64/-/linux-x64-1.0.0-alpha.1774.tgz",
      "integrity": "sha512-mHXc4gBC0J8dOOFrFFHnFG25jAhL2ZEvrKMJMgLHpLhoj5I+duxY3UuDgjp39H4gk4bzlzDmgece3QsXsZ4hLQ==",
      "cpu": [
        "x64"
      ],
      "optional": true,
      "os": [
        "linux"
      ]
    },
    "node_modules/@fullstacked/tailwindcss": {
      "version": "4.3.3",
      "resolved": "https://registry.npmjs.org/@fullstacked/tailwindcss/-/tailwindcss-4.3.3.tgz",
      "integrity": "sha512-blO4s5MZV0HeQMFj3UFKoV9Cb+/SIjUSbjV5U+4WeZjzva8CV0A1cOH+I1pKwb9uXvrSdFAGaEktQQ8CPJB6tA==",
      "dependencies": {
        "lightningcss-wasm": "^1.33.0",
        "oxide-wasm": "^0.1.1",
        "tailwindcss": "^4.3.3"
      }
    },
    "node_modules/@fullstacked/win32-arm64": {
      "version": "1.0.0-alpha.1774",
      "resolved": "https://registry.npmjs.org/@fullstacked/win32-arm64/-/win32-arm64-1.0.0-alpha.1774.tgz",
      "integrity": "sha512-WooNlvanNmZu37uI40kd6MhpYwD+jQ4fMB+gVlYfdvfrliTVYE7UmlWGZaHTCQglJGYIsxJ8TcvRje41kIYOyw==",
      "cpu": [
        "arm64"
      ],
      "optional": true,
      "os": [
        "win32"
      ]
    },
    "node_modules/@fullstacked/win32-x64": {
      "version": "1.0.0-alpha.1774",
      "resolved": "https://registry.npmjs.org/@fullstacked/win32-x64/-/win32-x64-1.0.0-alpha.1774.tgz",
      "integrity": "sha512-jkUgeL5J0vukRbACycEYXj+JKCjDscvKHZf3FlzL0Tk/axXayYQmriXn2wC8vx3TT1Fj2UIC8f29yWbkh4s9SQ==",
      "cpu": [
        "x64"
      ],
      "optional": true,
      "os": [
        "win32"
      ]
    },
    "node_modules/@types/react": {
      "version": "19.2.18",
      "resolved": "https://registry.npmjs.org/@types/react/-/react-19.2.18.tgz",
      "integrity": "sha512-AnzbBERsrLKtk2XSfTbYRLjQPdy116Sty4q+T+Bp3IC4l6jNBvreVPAHmpq9qhXQM7CXZPjLVmGMw9sy+hxQ3w==",
      "license": "MIT",
      "dependencies": {
        "csstype": "^3.2.2"
      }
    },
    "node_modules/@types/react-dom": {
      "version": "19.2.5",
      "resolved": "https://registry.npmjs.org/@types/react-dom/-/react-dom-19.2.5.tgz",
      "integrity": "sha512-fMPwH9v7r/pp43yUd2/Mbiex5KouJwwR3dzHkhLREUC6764VyDsqxhAxv6OFEYR1RhjOyD1naqba8ECDBe7ZQg==",
      "license": "MIT",
      "peerDependencies": {
        "@types/react": "^19.2.0"
      }
    },
    "node_modules/bundle-name": {
      "version": "4.1.0",
      "resolved": "https://registry.npmjs.org/bundle-name/-/bundle-name-4.1.0.tgz",
      "integrity": "sha512-tjwM5exMg6BGRI+kNmTntNsvdZS1X8BFYS6tnJ2hdH0kVxM6/eVZ2xy+FqStSWvYmtfFMDLIxurorHwDKfDz5Q==",
      "license": "MIT",
      "dependencies": {
        "run-applescript": "^7.0.0"
      },
      "engines": {
        "node": ">=18"
      },
      "funding": {
        "url": "https://github.com/sponsors/sindresorhus"
      }
    },
    "node_modules/csstype": {
      "version": "3.2.3",
      "resolved": "https://registry.npmjs.org/csstype/-/csstype-3.2.3.tgz",
      "integrity": "sha512-z1HGKcYy2xA8AGQfwrn0PAy+PB7X/GSj3UVJW9qKyn43xWa+gl5nXmU4qqLMRzWVLFC8KusUX8T/0kCiOYpAIQ==",
      "license": "MIT"
    },
    "node_modules/default-browser": {
      "version": "5.5.1",
      "resolved": "https://registry.npmjs.org/default-browser/-/default-browser-5.5.1.tgz",
      "integrity": "sha512-m1pAzaJgZ/gssEqlOhJkPJp8Xly7QyW6xcrkUa2KKcDeDSEMP7X8xipU3snUcfisTQx0w1AGae+9UtJSfVnXGw==",
      "license": "MIT",
      "dependencies": {
        "bundle-name": "^4.1.0",
        "default-browser-id": "^5.0.0"
      },
      "engines": {
        "node": ">=18"
      },
      "funding": {
        "url": "https://github.com/sponsors/sindresorhus"
      }
    },
    "node_modules/default-browser-id": {
      "version": "5.0.1",
      "resolved": "https://registry.npmjs.org/default-browser-id/-/default-browser-id-5.0.1.tgz",
      "integrity": "sha512-x1VCxdX4t+8wVfd1so/9w+vQ4vx7lKd2Qp5tDRutErwmR85OgmfX7RlLRMWafRMY7hbEiXIbudNrjOAPa/hL8Q==",
      "license": "MIT",
      "engines": {
        "node": ">=18"
      },
      "funding": {
        "url": "https://github.com/sponsors/sindresorhus"
      }
    },
    "node_modules/define-lazy-prop": {
      "version": "3.0.0",
      "resolved": "https://registry.npmjs.org/define-lazy-prop/-/define-lazy-prop-3.0.0.tgz",
      "integrity": "sha512-N+MeXYoqr3pOgn8xfyRPREN7gHakLYjhsHhWGT3fWAiL4IkAt0iDw14QiiEm2bE30c5XX5q0FtAA3CK5f9/BUg==",
      "license": "MIT",
      "engines": {
        "node": ">=12"
      },
      "funding": {
        "url": "https://github.com/sponsors/sindresorhus"
      }
    },
    "node_modules/fullstacked": {
      "version": "1.0.0-alpha.1774",
      "resolved": "https://registry.npmjs.org/fullstacked/-/fullstacked-1.0.0-alpha.1774.tgz",
      "integrity": "sha512-imbpJseOtE0AiwgwnqWQcBKEKLj+qoWsha/IT3o0XPzUbwh8bjg+g0d2+ZTSaNnMNv0sh7vYYzDFlJ0WBzPI5Q==",
      "license": "MIT",
      "dependencies": {
        "open": "^11.0.0",
        "ws": "^8.21.1"
      },
      "bin": {
        "fullstacked": "index.js"
      },
      "optionalDependencies": {
        "@fullstacked/darwin-arm64": "1.0.0-alpha.1774",
        "@fullstacked/darwin-x64": "1.0.0-alpha.1774",
        "@fullstacked/linux-arm64": "1.0.0-alpha.1774",
        "@fullstacked/linux-x64": "1.0.0-alpha.1774",
        "@fullstacked/win32-arm64": "1.0.0-alpha.1774",
        "@fullstacked/win32-x64": "1.0.0-alpha.1774"
      }
    },
    "node_modules/is-docker": {
      "version": "3.0.0",
      "resolved": "https://registry.npmjs.org/is-docker/-/is-docker-3.0.0.tgz",
      "integrity": "sha512-eljcgEDlEns/7AXFosB5K/2nCM4P7FQPkGc/DWLy5rmFEWvZayGrik1d9/QIY5nJ4f9YsVvBkA6kJpHn9rISdQ==",
      "license": "MIT",
      "bin": {
        "is-docker": "cli.js"
      },
      "engines": {
        "node": "^12.20.0 || ^14.13.1 || >=16.0.0"
      },
      "funding": {
        "url": "https://github.com/sponsors/sindresorhus"
      }
    },
    "node_modules/is-in-ssh": {
      "version": "1.0.0",
      "resolved": "https://registry.npmjs.org/is-in-ssh/-/is-in-ssh-1.0.0.tgz",
      "integrity": "sha512-jYa6Q9rH90kR1vKB6NM7qqd1mge3Fx4Dhw5TVlK1MUBqhEOuCagrEHMevNuCcbECmXZ0ThXkRm+Ymr51HwEPAw==",
      "license": "MIT",
      "engines": {
        "node": ">=20"
      },
      "funding": {
        "url": "https://github.com/sponsors/sindresorhus"
      }
    },
    "node_modules/is-inside-container": {
      "version": "1.0.0",
      "resolved": "https://registry.npmjs.org/is-inside-container/-/is-inside-container-1.0.0.tgz",
      "integrity": "sha512-KIYLCCJghfHZxqjYBE7rEy0OBuTd5xCHS7tHVgvCLkx7StIoaxwNW3hCALgEUjFfeRk+MG/Qxmp/vtETEF3tRA==",
      "license": "MIT",
      "dependencies": {
        "is-docker": "^3.0.0"
      },
      "bin": {
        "is-inside-container": "cli.js"
      },
      "engines": {
        "node": ">=14.16"
      },
      "funding": {
        "url": "https://github.com/sponsors/sindresorhus"
      }
    },
    "node_modules/is-wsl": {
      "version": "3.1.1",
      "resolved": "https://registry.npmjs.org/is-wsl/-/is-wsl-3.1.1.tgz",
      "integrity": "sha512-e6rvdUCiQCAuumZslxRJWR/Doq4VpPR82kqclvcS0efgt430SlGIk05vdCN58+VrzgtIcfNODjozVielycD4Sw==",
      "license": "MIT",
      "dependencies": {
        "is-inside-container": "^1.0.0"
      },
      "engines": {
        "node": ">=16"
      },
      "funding": {
        "url": "https://github.com/sponsors/sindresorhus"
      }
    },
    "node_modules/lightningcss-wasm": {
      "version": "1.33.0",
      "resolved": "https://registry.npmjs.org/lightningcss-wasm/-/lightningcss-wasm-1.33.0.tgz",
      "integrity": "sha512-OLAtqEyInBSVWjPrTjpLzcZUMUHO0q+2PFBXKr86nxZOu0P38givj/ZMtRaZ0d38pMTb9wQx+LtaLtHclv+sEA==",
      "bundleDependencies": [
        "napi-wasm"
      ],
      "license": "MPL-2.0",
      "dependencies": {
        "napi-wasm": "^1.0.1"
      },
      "engines": {
        "node": ">= 12.0.0"
      },
      "funding": {
        "type": "opencollective",
        "url": "https://opencollective.com/parcel"
      }
    },
    "node_modules/lightningcss-wasm/node_modules/napi-wasm": {
      "version": "1.1.3",
      "inBundle": true,
      "license": "MIT"
    },
    "node_modules/open": {
      "version": "11.0.1",
      "resolved": "https://registry.npmjs.org/open/-/open-11.0.1.tgz",
      "integrity": "sha512-NzwMUB6C1D0+Kd+9iMS/H4k+Ck3cTX6Ckyfr/gAGlmvSE1LUQZnEZvWBi4PYmMwH/S5SMeTXnE+9uAz8uF+pWw==",
      "license": "MIT",
      "dependencies": {
        "default-browser": "^5.4.0",
        "define-lazy-prop": "^3.0.0",
        "is-in-ssh": "^1.0.0",
        "is-inside-container": "^1.0.0",
        "powershell-utils": "^0.2.0",
        "wsl-utils": "^1.0.0"
      },
      "engines": {
        "node": ">=20"
      },
      "funding": {
        "url": "https://github.com/sponsors/sindresorhus"
      }
    },
    "node_modules/oxide-wasm": {
      "version": "0.1.1",
      "resolved": "https://registry.npmjs.org/oxide-wasm/-/oxide-wasm-0.1.1.tgz",
      "integrity": "sha512-H0nbgYujQuKWlvpccMKaLlzVZGJ45mt+pR5EPQnwgyQz8t4ccBVYtLzMrrSvoB5Fh7IChHwHCluqG3c0OzxPfw==",
      "license": "MIT"
    },
    "node_modules/powershell-utils": {
      "version": "0.2.0",
      "resolved": "https://registry.npmjs.org/powershell-utils/-/powershell-utils-0.2.0.tgz",
      "integrity": "sha512-ZlsFlG7MtSFCoc5xreOvBAozCJ6Pf06opgJjh9ONEv418xpZSAzNjstD36C6+JwOnfSqOW/9uDkqKjezTdxZhw==",
      "license": "MIT",
      "engines": {
        "node": ">=20"
      },
      "funding": {
        "url": "https://github.com/sponsors/sindresorhus"
      }
    },
    "node_modules/react": {
      "version": "19.2.8",
      "resolved": "https://registry.npmjs.org/react/-/react-19.2.8.tgz",
      "integrity": "sha512-PWaYA1L/q9u2u7xYQi+Y3L3Yfnie7XyLeaJICV1MGD6LprsBxcAqGjYyr0eY3p+QdsA+x/Irkt4Qif8D63+Sbw==",
      "license": "MIT",
      "engines": {
        "node": ">=0.10.0"
      }
    },
    "node_modules/react-dom": {
      "version": "19.2.8",
      "resolved": "https://registry.npmjs.org/react-dom/-/react-dom-19.2.8.tgz",
      "integrity": "sha512-rVprimfGBG3DR+Tq0IQG2DT5PxKth1WIGDmj5yPmlzr4YBe7uyE+Du4oVqTDXZSHGGGXRtTJEGSSePyQCMBglQ==",
      "license": "MIT",
      "dependencies": {
        "scheduler": "^0.27.0"
      },
      "peerDependencies": {
        "react": "^19.2.8"
      }
    },
    "node_modules/run-applescript": {
      "version": "7.1.0",
      "resolved": "https://registry.npmjs.org/run-applescript/-/run-applescript-7.1.0.tgz",
      "integrity": "sha512-DPe5pVFaAsinSaV6QjQ6gdiedWDcRCbUuiQfQa2wmWV7+xC9bGulGI8+TdRmoFkAPaBXk8CrAbnlY2ISniJ47Q==",
      "license": "MIT",
      "engines": {
        "node": ">=18"
      },
      "funding": {
        "url": "https://github.com/sponsors/sindresorhus"
      }
    },
    "node_modules/scheduler": {
      "version": "0.27.0",
      "resolved": "https://registry.npmjs.org/scheduler/-/scheduler-0.27.0.tgz",
      "integrity": "sha512-eNv+WrVbKu1f3vbYJT/xtiF5syA5HPIMtf9IgY/nKg0sWqzAUEvqY/xm7OcZc/qafLx/iO9FgOmeSAp4v5ti/Q==",
      "license": "MIT"
    },
    "node_modules/tailwindcss": {
      "version": "4.3.3",
      "resolved": "https://registry.npmjs.org/tailwindcss/-/tailwindcss-4.3.3.tgz",
      "integrity": "sha512-gOhV3P7ufE62QDGg1zVaTgCR+EtPv92k2nIhVcVKcLmxT1sUBsQGhnZj175j+MqRt4zLF7ic+sCYjfhxMxj7YQ==",
      "license": "MIT"
    },
    "node_modules/ws": {
      "version": "8.21.3",
      "resolved": "https://registry.npmjs.org/ws/-/ws-8.21.3.tgz",
      "integrity": "sha512-201TZ/kPWxoPr/OKWjquZR1SWKXcvxdH+e1xrx89b3YbmzLMFCLfnaG1HFIgWzJOEWZ7MvpK++odZufgYR50Rw==",
      "license": "MIT",
      "engines": {
        "node": ">=10.0.0"
      },
      "peerDependencies": {
        "bufferutil": "^4.0.1",
        "utf-8-validate": ">=5.0.2"
      },
      "peerDependenciesMeta": {
        "bufferutil": {
          "optional": true
        },
        "utf-8-validate": {
          "optional": true
        }
      }
    },
    "node_modules/wsl-utils": {
      "version": "1.0.0",
      "resolved": "https://registry.npmjs.org/wsl-utils/-/wsl-utils-1.0.0.tgz",
      "integrity": "sha512-Hl0ZOAs672vg+06kfujwRhoS6/jehvULrlFkuF2dRu6pHgA8U06h3xqNIqNNU1LTXPcedxByAR4GS6pwQK0mgA==",
      "license": "MIT",
      "dependencies": {
        "is-wsl": "^3.1.0",
        "powershell-utils": "^0.1.0"
      },
      "engines": {
        "node": ">=20"
      },
      "funding": {
        "url": "https://github.com/sponsors/sindresorhus"
      }
    },
    "node_modules/wsl-utils/node_modules/powershell-utils": {
      "version": "0.1.0",
      "resolved": "https://registry.npmjs.org/powershell-utils/-/powershell-utils-0.1.0.tgz",
      "integrity": "sha512-dM0jVuXJPsDN6DvRpea484tCUaMiXWjuCn++HGTqUWzGDjv5tZkEZldAJ/UMlqRYGFrD/etByo4/xOuC/snX2A==",
      "license": "MIT",
      "engines": {
        "node": ">=20"
      },
      "funding": {
        "url": "https://github.com/sponsors/sindresorhus"
      }
    }
  }
}
